// !$*UTF8*$!
{
	archiveVersion = 1;
	classes = {
	};
	objectVersion = 45;
	objects = {

/* Begin PBXBuildFile section */
		0D4AC9F6100D14FF00BFE1FA /* Finch.m in Sources */ = {isa = PBXBuildFile; fileRef = 0D4AC9EF100D14FF00BFE1FA /* Finch.m */; };
		0D4AC9F7100D14FF00BFE1FA /* RevolverSound.m in Sources */ = {isa = PBXBuildFile; fileRef = 0D4AC9F1100D14FF00BFE1FA /* RevolverSound.m */; };
		0D4AC9F9100D14FF00BFE1FA /* Sound.m in Sources */ = {isa = PBXBuildFile; fileRef = 0D4AC9F5100D14FF00BFE1FA /* Sound.m */; };
		0D4ACA04100D157000BFE1FA /* AudioToolbox.framework in Frameworks */ = {isa = PBXBuildFile; fileRef = 0D4ACA03100D157000BFE1FA /* AudioToolbox.framework */; };
		0D4ACA06100D157000BFE1FA /* OpenAL.framework in Frameworks */ = {isa = PBXBuildFile; fileRef = 0D4ACA05100D157000BFE1FA /* OpenAL.framework */; };
		0D5061C91232BB77008CCDDD /* Icon.png in Resources */ = {isa = PBXBuildFile; fileRef = 0D5061C71232BB77008CCDDD /* Icon.png */; };
		0D5061CA1232BB77008CCDDD /* Icon@2x.png in Resources */ = {isa = PBXBuildFile; fileRef = 0D5061C81232BB77008CCDDD /* Icon@2x.png */; };
		0D5061CE1232BCA7008CCDDD /* Default.png in Resources */ = {isa = PBXBuildFile; fileRef = 0D5061CD1232BCA7008CCDDD /* Default.png */; };
		0DA3B145113BFD5000BE205F /* shot.wav in Resources */ = {isa = PBXBuildFile; fileRef = 0DA3B144113BFD5000BE205F /* shot.wav */; };
		0DBBA071113BE6DF00236DFC /* Reporter.m in Sources */ = {isa = PBXBuildFile; fileRef = 0DBBA070113BE6DF00236DFC /* Reporter.m */; };
		0DE52C80100D19B600F58F3C /* sitar.wav in Resources */ = {isa = PBXBuildFile; fileRef = 0DE52C7F100D19B600F58F3C /* sitar.wav */; };
		0DEF74521139028F003EA297 /* Decoder.m in Sources */ = {isa = PBXBuildFile; fileRef = 0DEF74511139028F003EA297 /* Decoder.m */; };
		0DEF746B1139043C003EA297 /* Sample.m in Sources */ = {isa = PBXBuildFile; fileRef = 0DEF746A1139043C003EA297 /* Sample.m */; };
		0DEF747811390998003EA297 /* PCMDecoder.m in Sources */ = {isa = PBXBuildFile; fileRef = 0DEF747711390998003EA297 /* PCMDecoder.m */; };
		1D3623260D0F684500981E51 /* Application.m in Sources */ = {isa = PBXBuildFile; fileRef = 1D3623250D0F684500981E51 /* Application.m */; };
		1D60589B0D05DD56006BFB54 /* main.m in Sources */ = {isa = PBXBuildFile; fileRef = 29B97316FDCFA39411CA2CEA /* main.m */; };
		1D60589F0D05DD5A006BFB54 /* Foundation.framework in Frameworks */ = {isa = PBXBuildFile; fileRef = 1D30AB110D05D00D00671497 /* Foundation.framework */; };
		1DF5F4E00D08C38300B7A737 /* UIKit.framework in Frameworks */ = {isa = PBXBuildFile; fileRef = 1DF5F4DF0D08C38300B7A737 /* UIKit.framework */; };
		288765A50DF7441C002DB57D /* CoreGraphics.framework in Frameworks */ = {isa = PBXBuildFile; fileRef = 288765A40DF7441C002DB57D /* CoreGraphics.framework */; };
		2899E5220DE3E06400AC0155 /* Controller.xib in Resources */ = {isa = PBXBuildFile; fileRef = 2899E5210DE3E06400AC0155 /* Controller.xib */; };
		28AD733F0D9D9553002E5188 /* MainWindow.xib in Resources */ = {isa = PBXBuildFile; fileRef = 28AD733E0D9D9553002E5188 /* MainWindow.xib */; };
		28D7ACF80DDB3853001CB0EB /* Controller.m in Sources */ = {isa = PBXBuildFile; fileRef = 28D7ACF70DDB3853001CB0EB /* Controller.m */; };
/* End PBXBuildFile section */

/* Begin PBXFileReference section */
		0D4AC9EE100D14FF00BFE1FA /* Finch.h */ = {isa = PBXFileReference; fileEncoding = 4; lastKnownFileType = sourcecode.c.h; path = Finch.h; sourceTree = "<group>"; };
		0D4AC9EF100D14FF00BFE1FA /* Finch.m */ = {isa = PBXFileReference; fileEncoding = 4; lastKnownFileType = sourcecode.c.objc; path = Finch.m; sourceTree = "<group>"; };
		0D4AC9F0100D14FF00BFE1FA /* RevolverSound.h */ = {isa = PBXFileReference; fileEncoding = 4; lastKnownFileType = sourcecode.c.h; path = RevolverSound.h; sourceTree = "<group>"; };
		0D4AC9F1100D14FF00BFE1FA /* RevolverSound.m */ = {isa = PBXFileReference; fileEncoding = 4; lastKnownFileType = sourcecode.c.objc; path = RevolverSound.m; sourceTree = "<group>"; };
		0D4AC9F4100D14FF00BFE1FA /* Sound.h */ = {isa = PBXFileReference; fileEncoding = 4; lastKnownFileType = sourcecode.c.h; path = Sound.h; sourceTree = "<group>"; };
		0D4AC9F5100D14FF00BFE1FA /* Sound.m */ = {isa = PBXFileReference; fileEncoding = 4; lastKnownFileType = sourcecode.c.objc; path = Sound.m; sourceTree = "<group>"; };
		0D4ACA03100D157000BFE1FA /* AudioToolbox.framework */ = {isa = PBXFileReference; lastKnownFileType = wrapper.framework; name = AudioToolbox.framework; path = System/Library/Frameworks/AudioToolbox.framework; sourceTree = SDKROOT; };
		0D4ACA05100D157000BFE1FA /* OpenAL.framework */ = {isa = PBXFileReference; lastKnownFileType = wrapper.framework; name = OpenAL.framework; path = System/Library/Frameworks/OpenAL.framework; sourceTree = SDKROOT; };
		0D5061C71232BB77008CCDDD /* Icon.png */ = {isa = PBXFileReference; lastKnownFileType = image.png; path = Icon.png; sourceTree = "<group>"; };
		0D5061C81232BB77008CCDDD /* Icon@2x.png */ = {isa = PBXFileReference; lastKnownFileType = image.png; path = "Icon@2x.png"; sourceTree = "<group>"; };
		0D5061CD1232BCA7008CCDDD /* Default.png */ = {isa = PBXFileReference; lastKnownFileType = image.png; path = Default.png; sourceTree = "<group>"; };
		0DA3B144113BFD5000BE205F /* shot.wav */ = {isa = PBXFileReference; lastKnownFileType = audio.wav; path = shot.wav; sourceTree = "<group>"; };
		0DBBA06F113BE6DF00236DFC /* Reporter.h */ = {isa = PBXFileReference; fileEncoding = 4; lastKnownFileType = sourcecode.c.h; name = Reporter.h; path = ../Source/Reporter.h; sourceTree = "<group>"; };
		0DBBA070113BE6DF00236DFC /* Reporter.m */ = {isa = PBXFileReference; fileEncoding = 4; lastKnownFileType = sourcecode.c.objc; name = Reporter.m; path = ../Source/Reporter.m; sourceTree = "<group>"; };
		0DE52C7F100D19B600F58F3C /* sitar.wav */ = {isa = PBXFileReference; lastKnownFileType = audio.wav; path = sitar.wav; sourceTree = "<group>"; };
		0DEF74501139028F003EA297 /* Decoder.h */ = {isa = PBXFileReference; fileEncoding = 4; lastKnownFileType = sourcecode.c.h; name = Decoder.h; path = ../Source/Decoder.h; sourceTree = "<group>"; };
		0DEF74511139028F003EA297 /* Decoder.m */ = {isa = PBXFileReference; fileEncoding = 4; lastKnownFileType = sourcecode.c.objc; name = Decoder.m; path = ../Source/Decoder.m; sourceTree = "<group>"; };
		0DEF74691139043C003EA297 /* Sample.h */ = {isa = PBXFileReference; fileEncoding = 4; lastKnownFileType = sourcecode.c.h; name = Sample.h; path = ../Source/Sample.h; sourceTree = "<group>"; };
		0DEF746A1139043C003EA297 /* Sample.m */ = {isa = PBXFileReference; fileEncoding = 4; lastKnownFileType = sourcecode.c.objc; name = Sample.m; path = ../Source/Sample.m; sourceTree = "<group>"; };
		0DEF747611390998003EA297 /* PCMDecoder.h */ = {isa = PBXFileReference; fileEncoding = 4; lastKnownFileType = sourcecode.c.h; name = PCMDecoder.h; path = ../Source/PCMDecoder.h; sourceTree = "<group>"; };
		0DEF747711390998003EA297 /* PCMDecoder.m */ = {isa = PBXFileReference; fileEncoding = 4; lastKnownFileType = sourcecode.c.objc; name = PCMDecoder.m; path = ../Source/PCMDecoder.m; sourceTree = "<group>"; };
		1D30AB110D05D00D00671497 /* Foundation.framework */ = {isa = PBXFileReference; lastKnownFileType = wrapper.framework; name = Foundation.framework; path = System/Library/Frameworks/Foundation.framework; sourceTree = SDKROOT; };
		1D3623240D0F684500981E51 /* Application.h */ = {isa = PBXFileReference; fileEncoding = 4; lastKnownFileType = sourcecode.c.h; path = Application.h; sourceTree = "<group>"; };
		1D3623250D0F684500981E51 /* Application.m */ = {isa = PBXFileReference; fileEncoding = 4; lastKnownFileType = sourcecode.c.objc; path = Application.m; sourceTree = "<group>"; };
		1D6058910D05DD3D006BFB54 /* Demo.app */ = {isa = PBXFileReference; explicitFileType = wrapper.application; includeInIndex = 0; path = Demo.app; sourceTree = BUILT_PRODUCTS_DIR; };
		1DF5F4DF0D08C38300B7A737 /* UIKit.framework */ = {isa = PBXFileReference; lastKnownFileType = wrapper.framework; name = UIKit.framework; path = System/Library/Frameworks/UIKit.framework; sourceTree = SDKROOT; };
		288765A40DF7441C002DB57D /* CoreGraphics.framework */ = {isa = PBXFileReference; lastKnownFileType = wrapper.framework; name = CoreGraphics.framework; path = System/Library/Frameworks/CoreGraphics.framework; sourceTree = SDKROOT; };
		2899E5210DE3E06400AC0155 /* Controller.xib */ = {isa = PBXFileReference; lastKnownFileType = file.xib; path = Controller.xib; sourceTree = "<group>"; };
		28AD733E0D9D9553002E5188 /* MainWindow.xib */ = {isa = PBXFileReference; lastKnownFileType = file.xib; path = MainWindow.xib; sourceTree = "<group>"; };
		28D7ACF60DDB3853001CB0EB /* Controller.h */ = {isa = PBXFileReference; fileEncoding = 4; lastKnownFileType = sourcecode.c.h; path = Controller.h; sourceTree = "<group>"; };
		28D7ACF70DDB3853001CB0EB /* Controller.m */ = {isa = PBXFileReference; fileEncoding = 4; lastKnownFileType = sourcecode.c.objc; path = Controller.m; sourceTree = "<group>"; };
		29B97316FDCFA39411CA2CEA /* main.m */ = {isa = PBXFileReference; fileEncoding = 4; lastKnownFileType = sourcecode.c.objc; path = main.m; sourceTree = "<group>"; };
		32CA4F630368D1EE00C91783 /* prefix.pch */ = {isa = PBXFileReference; fileEncoding = 4; lastKnownFileType = sourcecode.c.h; path = prefix.pch; sourceTree = "<group>"; };
		8D1107310486CEB800E47090 /* Info.plist */ = {isa = PBXFileReference; fileEncoding = 4; lastKnownFileType = text.plist.xml; path = Info.plist; plistStructureDefinitionIdentifier = "com.apple.xcode.plist.structure-definition.iphone.info-plist"; sourceTree = "<group>"; };
/* End PBXFileReference section */

/* Begin PBXFrameworksBuildPhase section */
		1D60588F0D05DD3D006BFB54 /* Frameworks */ = {
			isa = PBXFrameworksBuildPhase;
			buildActionMask = 2147483647;
			files = (
				1D60589F0D05DD5A006BFB54 /* Foundation.framework in Frameworks */,
				1DF5F4E00D08C38300B7A737 /* UIKit.framework in Frameworks */,
				288765A50DF7441C002DB57D /* CoreGraphics.framework in Frameworks */,
				0D4ACA04100D157000BFE1FA /* AudioToolbox.framework in Frameworks */,
				0D4ACA06100D157000BFE1FA /* OpenAL.framework in Frameworks */,
			);
			runOnlyForDeploymentPostprocessing = 0;
		};
/* End PBXFrameworksBuildPhase section */

/* Begin PBXGroup section */
		080E96DDFE201D6D7F000001 /* Application Classes */ = {
			isa = PBXGroup;
			children = (
				1D3623240D0F684500981E51 /* Application.h */,
				1D3623250D0F684500981E51 /* Application.m */,
				28D7ACF60DDB3853001CB0EB /* Controller.h */,
				28D7ACF70DDB3853001CB0EB /* Controller.m */,
			);
			name = "Application Classes";
			path = Classes;
			sourceTree = "<group>";
		};
		0D4AC9ED100D14FF00BFE1FA /* Finch */ = {
			isa = PBXGroup;
			children = (
				0D4AC9EE100D14FF00BFE1FA /* Finch.h */,
				0D4AC9EF100D14FF00BFE1FA /* Finch.m */,
				0D4AC9F4100D14FF00BFE1FA /* Sound.h */,
				0D4AC9F5100D14FF00BFE1FA /* Sound.m */,
				0D4AC9F0100D14FF00BFE1FA /* RevolverSound.h */,
				0D4AC9F1100D14FF00BFE1FA /* RevolverSound.m */,
			);
			name = Finch;
			path = ../Source;
			sourceTree = SOURCE_ROOT;
		};
		0DBBA07F113BE7BC00236DFC /* Sample Decoder */ = {
			isa = PBXGroup;
			children = (
				0DBBA06F113BE6DF00236DFC /* Reporter.h */,
				0DBBA070113BE6DF00236DFC /* Reporter.m */,
				0DEF74691139043C003EA297 /* Sample.h */,
				0DEF746A1139043C003EA297 /* Sample.m */,
				0DEF74501139028F003EA297 /* Decoder.h */,
				0DEF74511139028F003EA297 /* Decoder.m */,
				0DEF747611390998003EA297 /* PCMDecoder.h */,
				0DEF747711390998003EA297 /* PCMDecoder.m */,
			);
			name = "Sample Decoder";
			sourceTree = "<group>";
		};
		19C28FACFE9D520D11CA2CBB /* Products */ = {
			isa = PBXGroup;
			children = (
				1D6058910D05DD3D006BFB54 /* Demo.app */,
			);
			name = Products;
			sourceTree = "<group>";
		};
		29B97314FDCFA39411CA2CEA /* CustomTemplate */ = {
			isa = PBXGroup;
			children = (
				0DBBA07F113BE7BC00236DFC /* Sample Decoder */,
				0D4AC9ED100D14FF00BFE1FA /* Finch */,
				080E96DDFE201D6D7F000001 /* Application Classes */,
				29B97315FDCFA39411CA2CEA /* Other Sources */,
				29B97317FDCFA39411CA2CEA /* Resources */,
				29B97323FDCFA39411CA2CEA /* Frameworks */,
				19C28FACFE9D520D11CA2CBB /* Products */,
			);
			name = CustomTemplate;
			sourceTree = "<group>";
		};
		29B97315FDCFA39411CA2CEA /* Other Sources */ = {
			isa = PBXGroup;
			children = (
				32CA4F630368D1EE00C91783 /* prefix.pch */,
				29B97316FDCFA39411CA2CEA /* main.m */,
			);
			name = "Other Sources";
			sourceTree = "<group>";
		};
		29B97317FDCFA39411CA2CEA /* Resources */ = {
			isa = PBXGroup;
			children = (
				0D5061CD1232BCA7008CCDDD /* Default.png */,
				0D5061C71232BB77008CCDDD /* Icon.png */,
				0D5061C81232BB77008CCDDD /* Icon@2x.png */,
				0DA3B144113BFD5000BE205F /* shot.wav */,
				0DE52C7F100D19B600F58F3C /* sitar.wav */,
				2899E5210DE3E06400AC0155 /* Controller.xib */,
				28AD733E0D9D9553002E5188 /* MainWindow.xib */,
				8D1107310486CEB800E47090 /* Info.plist */,
			);
			name = Resources;
			sourceTree = "<group>";
		};
		29B97323FDCFA39411CA2CEA /* Frameworks */ = {
			isa = PBXGroup;
			children = (
				0D4ACA03100D157000BFE1FA /* AudioToolbox.framework */,
				0D4ACA05100D157000BFE1FA /* OpenAL.framework */,
				1DF5F4DF0D08C38300B7A737 /* UIKit.framework */,
				1D30AB110D05D00D00671497 /* Foundation.framework */,
				288765A40DF7441C002DB57D /* CoreGraphics.framework */,
			);
			name = Frameworks;
			sourceTree = "<group>";
		};
/* End PBXGroup section */

/* Begin PBXNativeTarget section */
		1D6058900D05DD3D006BFB54 /* Demo */ = {
			isa = PBXNativeTarget;
			buildConfigurationList = 1D6058960D05DD3E006BFB54 /* Build configuration list for PBXNativeTarget "Demo" */;
			buildPhases = (
				1D60588D0D05DD3D006BFB54 /* Resources */,
				1D60588E0D05DD3D006BFB54 /* Sources */,
				1D60588F0D05DD3D006BFB54 /* Frameworks */,
			);
			buildRules = (
			);
			dependencies = (
			);
			name = Demo;
			productName = Demo;
			productReference = 1D6058910D05DD3D006BFB54 /* Demo.app */;
			productType = "com.apple.product-type.application";
		};
/* End PBXNativeTarget section */

/* Begin PBXProject section */
		29B97313FDCFA39411CA2CEA /* Project object */ = {
			isa = PBXProject;
			buildConfigurationList = C01FCF4E08A954540054247B /* Build configuration list for PBXProject "Demo" */;
			compatibilityVersion = "Xcode 3.1";
			developmentRegion = English;
			hasScannedForEncodings = 1;
			knownRegions = (
				English,
				Japanese,
				French,
				German,
			);
			mainGroup = 29B97314FDCFA39411CA2CEA /* CustomTemplate */;
			projectDirPath = "";
			projectRoot = "";
			targets = (
				1D6058900D05DD3D006BFB54 /* Demo */,
			);
		};
/* End PBXProject section */

/* Begin PBXResourcesBuildPhase section */
		1D60588D0D05DD3D006BFB54 /* Resources */ = {
			isa = PBXResourcesBuildPhase;
			buildActionMask = 2147483647;
			files = (
				28AD733F0D9D9553002E5188 /* MainWindow.xib in Resources */,
				2899E5220DE3E06400AC0155 /* Controller.xib in Resources */,
				0DE52C80100D19B600F58F3C /* sitar.wav in Resources */,
				0DA3B145113BFD5000BE205F /* shot.wav in Resources */,
				0D5061C91232BB77008CCDDD /* Icon.png in Resources */,
				0D5061CA1232BB77008CCDDD /* Icon@2x.png in Resources */,
				0D5061CE1232BCA7008CCDDD /* Default.png in Resources */,
			);
			runOnlyForDeploymentPostprocessing = 0;
		};
/* End PBXResourcesBuildPhase section */

/* Begin PBXSourcesBuildPhase section */
		1D60588E0D05DD3D006BFB54 /* Sources */ = {
			isa = PBXSourcesBuildPhase;
			buildActionMask = 2147483647;
			files = (
				1D60589B0D05DD56006BFB54 /* main.m in Sources */,
				1D3623260D0F684500981E51 /* Application.m in Sources */,
				28D7ACF80DDB3853001CB0EB /* Controller.m in Sources */,
				0D4AC9F6100D14FF00BFE1FA /* Finch.m in Sources */,
				0D4AC9F7100D14FF00BFE1FA /* RevolverSound.m in Sources */,
				0D4AC9F9100D14FF00BFE1FA /* Sound.m in Sources */,
				0DEF74521139028F003EA297 /* Decoder.m in Sources */,
				0DEF746B1139043C003EA297 /* Sample.m in Sources */,
				0DEF747811390998003EA297 /* PCMDecoder.m in Sources */,
				0DBBA071113BE6DF00236DFC /* Reporter.m in Sources */,
			);
			runOnlyForDeploymentPostprocessing = 0;
		};
/* End PBXSourcesBuildPhase section */

/* Begin XCBuildConfiguration section */
		1D6058940D05DD3E006BFB54 /* Debug */ = {
			isa = XCBuildConfiguration;
			buildSettings = {
				ALWAYS_SEARCH_USER_PATHS = NO;
				COPY_PHASE_STRIP = NO;
				GCC_DYNAMIC_NO_PIC = NO;
				GCC_OPTIMIZATION_LEVEL = 0;
				GCC_PRECOMPILE_PREFIX_HEADER = YES;
				GCC_PREFIX_HEADER = prefix.pch;
				INFOPLIST_FILE = Info.plist;
				PRODUCT_NAME = Demo;
			};
			name = Debug;
		};
		1D6058950D05DD3E006BFB54 /* Release */ = {
			isa = XCBuildConfiguration;
			buildSettings = {
				ALWAYS_SEARCH_USER_PATHS = NO;
				COPY_PHASE_STRIP = YES;
				GCC_PRECOMPILE_PREFIX_HEADER = YES;
				GCC_PREFIX_HEADER = prefix.pch;
				INFOPLIST_FILE = Info.plist;
				PRODUCT_NAME = Demo;
			};
			name = Release;
		};
		C01FCF4F08A954540054247B /* Debug */ = {
			isa = XCBuildConfiguration;
			buildSettings = {
				ARCHS = "$(ARCHS_STANDARD_32_BIT)";
				"CODE_SIGN_IDENTITY[sdk=iphoneos*]" = "iPhone Developer";
				GCC_C_LANGUAGE_STANDARD = c99;
				GCC_VERSION = com.apple.compilers.llvm.clang.1_0;
				GCC_WARN_ABOUT_RETURN_TYPE = YES;
				GCC_WARN_UNUSED_VARIABLE = YES;
				IPHONEOS_DEPLOYMENT_TARGET = 3.1;
				PREBINDING = NO;
				SDKROOT = iphoneos;
			};
			name = Debug;
		};
		C01FCF5008A954540054247B /* Release */ = {
			isa = XCBuildConfiguration;
			buildSettings = {
				ARCHS = "$(ARCHS_STANDARD_32_BIT)";
				"CODE_SIGN_IDENTITY[sdk=iphoneos*]" = "iPhone Developer";
				GCC_C_LANGUAGE_STANDARD = c99;
				GCC_VERSION = com.apple.compilers.llvm.clang.1_0;
				GCC_WARN_ABOUT_RETURN_TYPE = YES;
				GCC_WARN_UNUSED_VARIABLE = YES;
				IPHONEOS_DEPLOYMENT_TARGET = 3.1;
				PREBINDING = NO;
				SDKROOT = iphoneos;
			};
			name = Release;
		};
/* End XCBuildConfiguration section */

/* Begin XCConfigurationList section */
		1D6058960D05DD3E006BFB54 /* Build configuration list for PBXNativeTarget "Demo" */ = {
			isa = XCConfigurationList;
			buildConfigurations = (
				1D6058940D05DD3E006BFB54 /* Debug */,
				1D6058950D05DD3E006BFB54 /* Release */,
			);
			defaultConfigurationIsVisible = 0;
			defaultConfigurationName = Release;
		};
		C01FCF4E08A954540054247B /* Build configuration list for PBXProject "Demo" */ = {
			isa = XCConfigurationList;
			buildConfigurations = (
				C01FCF4F08A954540054247B /* Debug */,
				C01FCF5008A954540054247B /* Release */,
			);
			defaultConfigurationIsVisible = 0;
			defaultConfigurationName = Release;
		};
/* End XCConfigurationList section */
	};
	rootObject = 29B97313FDCFA39411CA2CEA /* Project object */;
}
