// !$*UTF8*$!
{
	archiveVersion = 1;
	classes = {
	};
	objectVersion = 46;
	objects = {

/* Begin PBXBuildFile section */
		0D1BA64D141A41EB004A5A9F /* OpenAL.framework in Frameworks */ = {isa = PBXBuildFile; fileRef = 0D2AA9AB141752D800F4071B /* OpenAL.framework */; };
		0D1BA64E141A41EB004A5A9F /* AudioToolbox.framework in Frameworks */ = {isa = PBXBuildFile; fileRef = 0D2AA9A9141752BE00F4071B /* AudioToolbox.framework */; };
		0D1BA64F141A41EB004A5A9F /* AVFoundation.framework in Frameworks */ = {isa = PBXBuildFile; fileRef = 0D2AA9A7141752A200F4071B /* AVFoundation.framework */; };
		0D1BA658141A45B6004A5A9F /* SenTestingKit.framework in Frameworks */ = {isa = PBXBuildFile; fileRef = 0D1BA657141A45B6004A5A9F /* SenTestingKit.framework */; };
		0D1BA659141A45B6004A5A9F /* UIKit.framework in Frameworks */ = {isa = PBXBuildFile; fileRef = 0D2AA973141750F700F4071B /* UIKit.framework */; };
		0D1BA65A141A45B6004A5A9F /* Foundation.framework in Frameworks */ = {isa = PBXBuildFile; fileRef = 0D2AA94114174FA000F4071B /* Foundation.framework */; };
		0D1BA66C141A4695004A5A9F /* FIFactoryTests.m in Sources */ = {isa = PBXBuildFile; fileRef = 0D1BA66B141A4695004A5A9F /* FIFactoryTests.m */; };
		0D1BA675141A46FE004A5A9F /* OpenAL.framework in Frameworks */ = {isa = PBXBuildFile; fileRef = 0D2AA9AB141752D800F4071B /* OpenAL.framework */; };
		0D1BA676141A4700004A5A9F /* AudioToolbox.framework in Frameworks */ = {isa = PBXBuildFile; fileRef = 0D2AA9A9141752BE00F4071B /* AudioToolbox.framework */; };
		0D1BA677141A4702004A5A9F /* AVFoundation.framework in Frameworks */ = {isa = PBXBuildFile; fileRef = 0D2AA9A7141752A200F4071B /* AVFoundation.framework */; };
		0D2AA94214174FA000F4071B /* Foundation.framework in Frameworks */ = {isa = PBXBuildFile; fileRef = 0D2AA94114174FA000F4071B /* Foundation.framework */; };
		0D2AA9561417501200F4071B /* FISoundEngine.h in Headers */ = {isa = PBXBuildFile; fileRef = 0D2AA94E1417501200F4071B /* FISoundEngine.h */; };
		0D2AA9571417501200F4071B /* FISoundEngine.m in Sources */ = {isa = PBXBuildFile; fileRef = 0D2AA94F1417501200F4071B /* FISoundEngine.m */; };
		0D2AA95A1417501200F4071B /* FIRevolverSound.h in Headers */ = {isa = PBXBuildFile; fileRef = 0D2AA9521417501200F4071B /* FIRevolverSound.h */; };
		0D2AA95B1417501200F4071B /* FIRevolverSound.m in Sources */ = {isa = PBXBuildFile; fileRef = 0D2AA9531417501200F4071B /* FIRevolverSound.m */; };
		0D2AA95C1417501200F4071B /* FISound.h in Headers */ = {isa = PBXBuildFile; fileRef = 0D2AA9541417501200F4071B /* FISound.h */; };
		0D2AA95D1417501200F4071B /* FISound.m in Sources */ = {isa = PBXBuildFile; fileRef = 0D2AA9551417501200F4071B /* FISound.m */; };
		0D2AA969141750AE00F4071B /* FIDecoder.h in Headers */ = {isa = PBXBuildFile; fileRef = 0D2AA963141750AE00F4071B /* FIDecoder.h */; };
		0D2AA96A141750AE00F4071B /* FIDecoder.m in Sources */ = {isa = PBXBuildFile; fileRef = 0D2AA964141750AE00F4071B /* FIDecoder.m */; };
		0D2AA974141750F700F4071B /* UIKit.framework in Frameworks */ = {isa = PBXBuildFile; fileRef = 0D2AA973141750F700F4071B /* UIKit.framework */; };
		0D2AA975141750F800F4071B /* Foundation.framework in Frameworks */ = {isa = PBXBuildFile; fileRef = 0D2AA94114174FA000F4071B /* Foundation.framework */; };
		0D2AA99A1417515A00F4071B /* Application.m in Sources */ = {isa = PBXBuildFile; fileRef = 0D2AA98E1417515A00F4071B /* Application.m */; };
		0D2AA99B1417515A00F4071B /* Controller.m in Sources */ = {isa = PBXBuildFile; fileRef = 0D2AA9901417515A00F4071B /* Controller.m */; };
		0D2AA99C1417515A00F4071B /* Controller.xib in Resources */ = {isa = PBXBuildFile; fileRef = 0D2AA9911417515A00F4071B /* Controller.xib */; };
		0D2AA99D1417515A00F4071B /* Default.png in Resources */ = {isa = PBXBuildFile; fileRef = 0D2AA9921417515A00F4071B /* Default.png */; };
		0D2AA99E1417515A00F4071B /* Icon.png in Resources */ = {isa = PBXBuildFile; fileRef = 0D2AA9931417515A00F4071B /* Icon.png */; };
		0D2AA99F1417515A00F4071B /* Icon@2x.png in Resources */ = {isa = PBXBuildFile; fileRef = 0D2AA9941417515A00F4071B /* Icon@2x.png */; };
		0D2AA9A11417515A00F4071B /* main.m in Sources */ = {isa = PBXBuildFile; fileRef = 0D2AA9961417515A00F4071B /* main.m */; };
		0D2AA9A21417515A00F4071B /* Bootstrap.xib in Resources */ = {isa = PBXBuildFile; fileRef = 0D2AA9971417515A00F4071B /* Bootstrap.xib */; };
		0D2AA9A31417515A00F4071B /* shot.wav in Resources */ = {isa = PBXBuildFile; fileRef = 0D2AA9981417515A00F4071B /* shot.wav */; };
		0D2AA9A41417515A00F4071B /* sitar.wav in Resources */ = {isa = PBXBuildFile; fileRef = 0D2AA9991417515A00F4071B /* sitar.wav */; };
		0D2AA9A51417521500F4071B /* libFinch.a in Frameworks */ = {isa = PBXBuildFile; fileRef = 0D2AA93E14174FA000F4071B /* libFinch.a */; };
		0D2AA9A8141752A200F4071B /* AVFoundation.framework in Frameworks */ = {isa = PBXBuildFile; fileRef = 0D2AA9A7141752A200F4071B /* AVFoundation.framework */; };
		0D2AA9AA141752BE00F4071B /* AudioToolbox.framework in Frameworks */ = {isa = PBXBuildFile; fileRef = 0D2AA9A9141752BE00F4071B /* AudioToolbox.framework */; };
		0D2AA9AC141752D800F4071B /* OpenAL.framework in Frameworks */ = {isa = PBXBuildFile; fileRef = 0D2AA9AB141752D800F4071B /* OpenAL.framework */; };
		0D74728E165AA8230079C0FF /* libFinch.a in Frameworks */ = {isa = PBXBuildFile; fileRef = 0D2AA93E14174FA000F4071B /* libFinch.a */; };
		0DF32B9B141A03150059033C /* FIFactory.h in Headers */ = {isa = PBXBuildFile; fileRef = 0DF32B99141A03150059033C /* FIFactory.h */; };
		0DF32B9C141A03150059033C /* FIFactory.m in Sources */ = {isa = PBXBuildFile; fileRef = 0DF32B9A141A03150059033C /* FIFactory.m */; };
		0DF32B9F141A03AC0059033C /* FILogger.h in Headers */ = {isa = PBXBuildFile; fileRef = 0DF32B9D141A03AB0059033C /* FILogger.h */; };
		0DF32BA0141A03AC0059033C /* FILogger.m in Sources */ = {isa = PBXBuildFile; fileRef = 0DF32B9E141A03AC0059033C /* FILogger.m */; };
		0DF32BA4141A37250059033C /* FIError.h in Headers */ = {isa = PBXBuildFile; fileRef = 0DF32BA3141A37250059033C /* FIError.h */; };
		0DFC9E56147FBC9800FC2066 /* FIError.m in Sources */ = {isa = PBXBuildFile; fileRef = 0DFC9E55147FBC9800FC2066 /* FIError.m */; };
		0DFC9E5F147FC5FF00FC2066 /* FISample.h in Headers */ = {isa = PBXBuildFile; fileRef = 0DFC9E5D147FC5FF00FC2066 /* FISample.h */; };
		0DFC9E60147FC5FF00FC2066 /* FISample.m in Sources */ = {isa = PBXBuildFile; fileRef = 0DFC9E5E147FC5FF00FC2066 /* FISample.m */; };
		0DFC9E68147FDD6100FC2066 /* prefix.pch in Headers */ = {isa = PBXBuildFile; fileRef = 0DFC9E67147FDD6000FC2066 /* prefix.pch */; };
/* End PBXBuildFile section */

/* Begin PBXContainerItemProxy section */
		0D2AA9AD1417582F00F4071B /* PBXContainerItemProxy */ = {
			isa = PBXContainerItemProxy;
			containerPortal = 0D2AA93514174FA000F4071B /* Project object */;
			proxyType = 1;
			remoteGlobalIDString = 0D2AA93D14174FA000F4071B;
			remoteInfo = Finch;
		};
/* End PBXContainerItemProxy section */

/* Begin PBXFileReference section */
		0D1BA656141A45B6004A5A9F /* Tests.octest */ = {isa = PBXFileReference; explicitFileType = wrapper.cfbundle; includeInIndex = 0; path = Tests.octest; sourceTree = BUILT_PRODUCTS_DIR; };
		0D1BA657141A45B6004A5A9F /* SenTestingKit.framework */ = {isa = PBXFileReference; lastKnownFileType = wrapper.framework; name = SenTestingKit.framework; path = Library/Frameworks/SenTestingKit.framework; sourceTree = DEVELOPER_DIR; };
		0D1BA664141A45B6004A5A9F /* prefix.pch */ = {isa = PBXFileReference; lastKnownFileType = sourcecode.c.h; path = prefix.pch; sourceTree = "<group>"; };
		0D1BA66B141A4695004A5A9F /* FIFactoryTests.m */ = {isa = PBXFileReference; fileEncoding = 4; lastKnownFileType = sourcecode.c.objc; path = FIFactoryTests.m; sourceTree = "<group>"; };
		0D2AA93E14174FA000F4071B /* libFinch.a */ = {isa = PBXFileReference; explicitFileType = archive.ar; includeInIndex = 0; path = libFinch.a; sourceTree = BUILT_PRODUCTS_DIR; };
		0D2AA94114174FA000F4071B /* Foundation.framework */ = {isa = PBXFileReference; lastKnownFileType = wrapper.framework; name = Foundation.framework; path = System/Library/Frameworks/Foundation.framework; sourceTree = SDKROOT; };
		0D2AA94E1417501200F4071B /* FISoundEngine.h */ = {isa = PBXFileReference; fileEncoding = 4; lastKnownFileType = sourcecode.c.h; path = FISoundEngine.h; sourceTree = "<group>"; };
		0D2AA94F1417501200F4071B /* FISoundEngine.m */ = {isa = PBXFileReference; fileEncoding = 4; lastKnownFileType = sourcecode.c.objc; path = FISoundEngine.m; sourceTree = "<group>"; };
		0D2AA9521417501200F4071B /* FIRevolverSound.h */ = {isa = PBXFileReference; fileEncoding = 4; lastKnownFileType = sourcecode.c.h; path = FIRevolverSound.h; sourceTree = "<group>"; };
		0D2AA9531417501200F4071B /* FIRevolverSound.m */ = {isa = PBXFileReference; fileEncoding = 4; lastKnownFileType = sourcecode.c.objc; path = FIRevolverSound.m; sourceTree = "<group>"; };
		0D2AA9541417501200F4071B /* FISound.h */ = {isa = PBXFileReference; fileEncoding = 4; lastKnownFileType = sourcecode.c.h; path = FISound.h; sourceTree = "<group>"; };
		0D2AA9551417501200F4071B /* FISound.m */ = {isa = PBXFileReference; fileEncoding = 4; lastKnownFileType = sourcecode.c.objc; path = FISound.m; sourceTree = "<group>"; };
		0D2AA963141750AE00F4071B /* FIDecoder.h */ = {isa = PBXFileReference; fileEncoding = 4; lastKnownFileType = sourcecode.c.h; name = FIDecoder.h; path = Decoder/FIDecoder.h; sourceTree = "<group>"; };
		0D2AA964141750AE00F4071B /* FIDecoder.m */ = {isa = PBXFileReference; fileEncoding = 4; lastKnownFileType = sourcecode.c.objc; name = FIDecoder.m; path = Decoder/FIDecoder.m; sourceTree = "<group>"; };
		0D2AA971141750F700F4071B /* Finch Demo.app */ = {isa = PBXFileReference; explicitFileType = wrapper.application; includeInIndex = 0; path = "Finch Demo.app"; sourceTree = BUILT_PRODUCTS_DIR; };
		0D2AA973141750F700F4071B /* UIKit.framework */ = {isa = PBXFileReference; lastKnownFileType = wrapper.framework; name = UIKit.framework; path = System/Library/Frameworks/UIKit.framework; sourceTree = SDKROOT; };
		0D2AA98D1417515A00F4071B /* Application.h */ = {isa = PBXFileReference; fileEncoding = 4; lastKnownFileType = sourcecode.c.h; name = Application.h; path = Demo/Application.h; sourceTree = SOURCE_ROOT; };
		0D2AA98E1417515A00F4071B /* Application.m */ = {isa = PBXFileReference; fileEncoding = 4; lastKnownFileType = sourcecode.c.objc; name = Application.m; path = Demo/Application.m; sourceTree = SOURCE_ROOT; };
		0D2AA98F1417515A00F4071B /* Controller.h */ = {isa = PBXFileReference; fileEncoding = 4; lastKnownFileType = sourcecode.c.h; name = Controller.h; path = Demo/Controller.h; sourceTree = SOURCE_ROOT; };
		0D2AA9901417515A00F4071B /* Controller.m */ = {isa = PBXFileReference; fileEncoding = 4; lastKnownFileType = sourcecode.c.objc; name = Controller.m; path = Demo/Controller.m; sourceTree = SOURCE_ROOT; };
		0D2AA9911417515A00F4071B /* Controller.xib */ = {isa = PBXFileReference; fileEncoding = 4; lastKnownFileType = file.xib; name = Controller.xib; path = Demo/Controller.xib; sourceTree = SOURCE_ROOT; };
		0D2AA9921417515A00F4071B /* Default.png */ = {isa = PBXFileReference; lastKnownFileType = image.png; name = Default.png; path = Demo/Default.png; sourceTree = SOURCE_ROOT; };
		0D2AA9931417515A00F4071B /* Icon.png */ = {isa = PBXFileReference; lastKnownFileType = image.png; name = Icon.png; path = Demo/Icon.png; sourceTree = SOURCE_ROOT; };
		0D2AA9941417515A00F4071B /* Icon@2x.png */ = {isa = PBXFileReference; lastKnownFileType = image.png; name = "Icon@2x.png"; path = "Demo/Icon@2x.png"; sourceTree = SOURCE_ROOT; };
		0D2AA9951417515A00F4071B /* Info.plist */ = {isa = PBXFileReference; fileEncoding = 4; lastKnownFileType = text.plist.xml; name = Info.plist; path = Demo/Info.plist; sourceTree = SOURCE_ROOT; };
		0D2AA9961417515A00F4071B /* main.m */ = {isa = PBXFileReference; fileEncoding = 4; lastKnownFileType = sourcecode.c.objc; name = main.m; path = Demo/main.m; sourceTree = SOURCE_ROOT; };
		0D2AA9971417515A00F4071B /* Bootstrap.xib */ = {isa = PBXFileReference; fileEncoding = 4; lastKnownFileType = file.xib; name = Bootstrap.xib; path = Demo/Bootstrap.xib; sourceTree = SOURCE_ROOT; };
		0D2AA9981417515A00F4071B /* shot.wav */ = {isa = PBXFileReference; lastKnownFileType = audio.wav; name = shot.wav; path = Demo/shot.wav; sourceTree = SOURCE_ROOT; };
		0D2AA9991417515A00F4071B /* sitar.wav */ = {isa = PBXFileReference; lastKnownFileType = audio.wav; name = sitar.wav; path = Demo/sitar.wav; sourceTree = SOURCE_ROOT; };
		0D2AA9A61417526C00F4071B /* prefix.pch */ = {isa = PBXFileReference; fileEncoding = 4; lastKnownFileType = sourcecode.c.h; name = prefix.pch; path = Demo/prefix.pch; sourceTree = SOURCE_ROOT; };
		0D2AA9A7141752A200F4071B /* AVFoundation.framework */ = {isa = PBXFileReference; lastKnownFileType = wrapper.framework; name = AVFoundation.framework; path = System/Library/Frameworks/AVFoundation.framework; sourceTree = SDKROOT; };
		0D2AA9A9141752BE00F4071B /* AudioToolbox.framework */ = {isa = PBXFileReference; lastKnownFileType = wrapper.framework; name = AudioToolbox.framework; path = System/Library/Frameworks/AudioToolbox.framework; sourceTree = SDKROOT; };
		0D2AA9AB141752D800F4071B /* OpenAL.framework */ = {isa = PBXFileReference; lastKnownFileType = wrapper.framework; name = OpenAL.framework; path = System/Library/Frameworks/OpenAL.framework; sourceTree = SDKROOT; };
		0DF32B99141A03150059033C /* FIFactory.h */ = {isa = PBXFileReference; fileEncoding = 4; lastKnownFileType = sourcecode.c.h; path = FIFactory.h; sourceTree = "<group>"; };
		0DF32B9A141A03150059033C /* FIFactory.m */ = {isa = PBXFileReference; fileEncoding = 4; lastKnownFileType = sourcecode.c.objc; path = FIFactory.m; sourceTree = "<group>"; };
		0DF32B9D141A03AB0059033C /* FILogger.h */ = {isa = PBXFileReference; fileEncoding = 4; lastKnownFileType = sourcecode.c.h; name = FILogger.h; path = Finch/FILogger.h; sourceTree = "<group>"; };
		0DF32B9E141A03AC0059033C /* FILogger.m */ = {isa = PBXFileReference; fileEncoding = 4; lastKnownFileType = sourcecode.c.objc; name = FILogger.m; path = Finch/FILogger.m; sourceTree = "<group>"; };
		0DF32BA3141A37250059033C /* FIError.h */ = {isa = PBXFileReference; fileEncoding = 4; lastKnownFileType = sourcecode.c.h; name = FIError.h; path = Finch/FIError.h; sourceTree = "<group>"; };
		0DFC9E55147FBC9800FC2066 /* FIError.m */ = {isa = PBXFileReference; fileEncoding = 4; lastKnownFileType = sourcecode.c.objc; name = FIError.m; path = Finch/FIError.m; sourceTree = "<group>"; };
		0DFC9E5D147FC5FF00FC2066 /* FISample.h */ = {isa = PBXFileReference; fileEncoding = 4; lastKnownFileType = sourcecode.c.h; name = FISample.h; path = Decoder/FISample.h; sourceTree = "<group>"; };
		0DFC9E5E147FC5FF00FC2066 /* FISample.m */ = {isa = PBXFileReference; fileEncoding = 4; lastKnownFileType = sourcecode.c.objc; name = FISample.m; path = Decoder/FISample.m; sourceTree = "<group>"; };
		0DFC9E67147FDD6000FC2066 /* prefix.pch */ = {isa = PBXFileReference; fileEncoding = 4; lastKnownFileType = sourcecode.c.h; path = prefix.pch; sourceTree = "<group>"; };
/* End PBXFileReference section */

/* Begin PBXFrameworksBuildPhase section */
		0D1BA652141A45B6004A5A9F /* Frameworks */ = {
			isa = PBXFrameworksBuildPhase;
			buildActionMask = 2147483647;
			files = (
				0D74728E165AA8230079C0FF /* libFinch.a in Frameworks */,
				0D1BA658141A45B6004A5A9F /* SenTestingKit.framework in Frameworks */,
				0D1BA659141A45B6004A5A9F /* UIKit.framework in Frameworks */,
				0D1BA65A141A45B6004A5A9F /* Foundation.framework in Frameworks */,
				0D1BA675141A46FE004A5A9F /* OpenAL.framework in Frameworks */,
				0D1BA677141A4702004A5A9F /* AVFoundation.framework in Frameworks */,
				0D1BA676141A4700004A5A9F /* AudioToolbox.framework in Frameworks */,
			);
			runOnlyForDeploymentPostprocessing = 0;
		};
		0D2AA93B14174FA000F4071B /* Frameworks */ = {
			isa = PBXFrameworksBuildPhase;
			buildActionMask = 2147483647;
			files = (
				0D2AA94214174FA000F4071B /* Foundation.framework in Frameworks */,
				0D1BA64D141A41EB004A5A9F /* OpenAL.framework in Frameworks */,
				0D1BA64E141A41EB004A5A9F /* AudioToolbox.framework in Frameworks */,
				0D1BA64F141A41EB004A5A9F /* AVFoundation.framework in Frameworks */,
			);
			runOnlyForDeploymentPostprocessing = 0;
		};
		0D2AA96E141750F700F4071B /* Frameworks */ = {
			isa = PBXFrameworksBuildPhase;
			buildActionMask = 2147483647;
			files = (
				0D2AA9A51417521500F4071B /* libFinch.a in Frameworks */,
				0D2AA9AC141752D800F4071B /* OpenAL.framework in Frameworks */,
				0D2AA974141750F700F4071B /* UIKit.framework in Frameworks */,
				0D2AA975141750F800F4071B /* Foundation.framework in Frameworks */,
				0D2AA9AA141752BE00F4071B /* AudioToolbox.framework in Frameworks */,
				0D2AA9A8141752A200F4071B /* AVFoundation.framework in Frameworks */,
			);
			runOnlyForDeploymentPostprocessing = 0;
		};
/* End PBXFrameworksBuildPhase section */

/* Begin PBXGroup section */
		0D1BA65B141A45B6004A5A9F /* Test Support */ = {
			isa = PBXGroup;
			children = (
				0D1BA664141A45B6004A5A9F /* prefix.pch */,
			);
			name = "Test Support";
			path = Tests;
			sourceTree = "<group>";
		};
		0D2AA93314174FA000F4071B = {
			isa = PBXGroup;
			children = (
				0DFC9E54147FBBD600FC2066 /* Support */,
				0D2AA960141750A600F4071B /* Sample Decoder */,
				0D2AA94314174FA000F4071B /* Finch */,
				0D1BA65B141A45B6004A5A9F /* Test Support */,
				0D2AA978141750F800F4071B /* Demo */,
				0D2AA94014174FA000F4071B /* Frameworks */,
				0D2AA93F14174FA000F4071B /* Products */,
			);
			sourceTree = "<group>";
		};
		0D2AA93F14174FA000F4071B /* Products */ = {
			isa = PBXGroup;
			children = (
				0D2AA93E14174FA000F4071B /* libFinch.a */,
				0D2AA971141750F700F4071B /* Finch Demo.app */,
				0D1BA656141A45B6004A5A9F /* Tests.octest */,
			);
			name = Products;
			sourceTree = "<group>";
		};
		0D2AA94014174FA000F4071B /* Frameworks */ = {
			isa = PBXGroup;
			children = (
				0D2AA9AB141752D800F4071B /* OpenAL.framework */,
				0D2AA9A9141752BE00F4071B /* AudioToolbox.framework */,
				0D2AA9A7141752A200F4071B /* AVFoundation.framework */,
				0D2AA94114174FA000F4071B /* Foundation.framework */,
				0D2AA973141750F700F4071B /* UIKit.framework */,
				0D1BA657141A45B6004A5A9F /* SenTestingKit.framework */,
			);
			name = Frameworks;
			sourceTree = "<group>";
		};
		0D2AA94314174FA000F4071B /* Finch */ = {
			isa = PBXGroup;
			children = (
				0D2AA94E1417501200F4071B /* FISoundEngine.h */,
				0D2AA94F1417501200F4071B /* FISoundEngine.m */,
				0D2AA9541417501200F4071B /* FISound.h */,
				0D2AA9551417501200F4071B /* FISound.m */,
				0D2AA9521417501200F4071B /* FIRevolverSound.h */,
				0D2AA9531417501200F4071B /* FIRevolverSound.m */,
				0DF32B99141A03150059033C /* FIFactory.h */,
				0DF32B9A141A03150059033C /* FIFactory.m */,
				0D1BA66B141A4695004A5A9F /* FIFactoryTests.m */,
				0DFC9E67147FDD6000FC2066 /* prefix.pch */,
			);
			path = Finch;
			sourceTree = "<group>";
		};
		0D2AA960141750A600F4071B /* Sample Decoder */ = {
			isa = PBXGroup;
			children = (
				0DFC9E5D147FC5FF00FC2066 /* FISample.h */,
				0DFC9E5E147FC5FF00FC2066 /* FISample.m */,
				0D2AA963141750AE00F4071B /* FIDecoder.h */,
				0D2AA964141750AE00F4071B /* FIDecoder.m */,
			);
			name = "Sample Decoder";
			sourceTree = "<group>";
		};
		0D2AA978141750F800F4071B /* Demo */ = {
			isa = PBXGroup;
			children = (
				0D2AA98D1417515A00F4071B /* Application.h */,
				0D2AA98E1417515A00F4071B /* Application.m */,
				0D2AA98F1417515A00F4071B /* Controller.h */,
				0D2AA9901417515A00F4071B /* Controller.m */,
				0D2AA9911417515A00F4071B /* Controller.xib */,
				0D2AA9921417515A00F4071B /* Default.png */,
				0D2AA9931417515A00F4071B /* Icon.png */,
				0D2AA9941417515A00F4071B /* Icon@2x.png */,
				0D2AA9951417515A00F4071B /* Info.plist */,
				0D2AA9A61417526C00F4071B /* prefix.pch */,
				0D2AA9961417515A00F4071B /* main.m */,
				0D2AA9971417515A00F4071B /* Bootstrap.xib */,
				0D2AA9981417515A00F4071B /* shot.wav */,
				0D2AA9991417515A00F4071B /* sitar.wav */,
			);
			name = Demo;
			path = "Finch Demo";
			sourceTree = "<group>";
		};
		0DFC9E54147FBBD600FC2066 /* Support */ = {
			isa = PBXGroup;
			children = (
				0DF32BA3141A37250059033C /* FIError.h */,
				0DFC9E55147FBC9800FC2066 /* FIError.m */,
				0DF32B9D141A03AB0059033C /* FILogger.h */,
				0DF32B9E141A03AC0059033C /* FILogger.m */,
			);
			name = Support;
			sourceTree = "<group>";
		};
/* End PBXGroup section */

/* Begin PBXHeadersBuildPhase section */
		0D2AA93C14174FA000F4071B /* Headers */ = {
			isa = PBXHeadersBuildPhase;
			buildActionMask = 2147483647;
			files = (
				0D2AA9561417501200F4071B /* FISoundEngine.h in Headers */,
				0D2AA95A1417501200F4071B /* FIRevolverSound.h in Headers */,
				0D2AA95C1417501200F4071B /* FISound.h in Headers */,
				0D2AA969141750AE00F4071B /* FIDecoder.h in Headers */,
				0DF32B9B141A03150059033C /* FIFactory.h in Headers */,
				0DF32B9F141A03AC0059033C /* FILogger.h in Headers */,
				0DF32BA4141A37250059033C /* FIError.h in Headers */,
				0DFC9E5F147FC5FF00FC2066 /* FISample.h in Headers */,
				0DFC9E68147FDD6100FC2066 /* prefix.pch in Headers */,
			);
			runOnlyForDeploymentPostprocessing = 0;
		};
/* End PBXHeadersBuildPhase section */

/* Begin PBXNativeTarget section */
		0D1BA655141A45B6004A5A9F /* Tests */ = {
			isa = PBXNativeTarget;
			buildConfigurationList = 0D1BA665141A45B6004A5A9F /* Build configuration list for PBXNativeTarget "Tests" */;
			buildPhases = (
				0D1BA651141A45B6004A5A9F /* Sources */,
				0D1BA652141A45B6004A5A9F /* Frameworks */,
				0D1BA653141A45B6004A5A9F /* Resources */,
				0D1BA654141A45B6004A5A9F /* ShellScript */,
			);
			buildRules = (
			);
			dependencies = (
			);
			name = Tests;
			productName = Tests;
			productReference = 0D1BA656141A45B6004A5A9F /* Tests.octest */;
			productType = "com.apple.product-type.bundle";
		};
		0D2AA93D14174FA000F4071B /* Finch */ = {
			isa = PBXNativeTarget;
			buildConfigurationList = 0D2AA94B14174FA000F4071B /* Build configuration list for PBXNativeTarget "Finch" */;
			buildPhases = (
				0D2AA93A14174FA000F4071B /* Sources */,
				0D2AA93B14174FA000F4071B /* Frameworks */,
				0D2AA93C14174FA000F4071B /* Headers */,
			);
			buildRules = (
			);
			dependencies = (
			);
			name = Finch;
			productName = Finch;
			productReference = 0D2AA93E14174FA000F4071B /* libFinch.a */;
			productType = "com.apple.product-type.library.static";
		};
		0D2AA970141750F700F4071B /* Finch Demo */ = {
			isa = PBXNativeTarget;
			buildConfigurationList = 0D2AA98A141750F800F4071B /* Build configuration list for PBXNativeTarget "Finch Demo" */;
			buildPhases = (
				0D2AA96D141750F700F4071B /* Sources */,
				0D2AA96E141750F700F4071B /* Frameworks */,
				0D2AA96F141750F700F4071B /* Resources */,
			);
			buildRules = (
			);
			dependencies = (
				0D2AA9AE1417582F00F4071B /* PBXTargetDependency */,
			);
			name = "Finch Demo";
			productName = "Finch Demo";
			productReference = 0D2AA971141750F700F4071B /* Finch Demo.app */;
			productType = "com.apple.product-type.application";
		};
/* End PBXNativeTarget section */

/* Begin PBXProject section */
		0D2AA93514174FA000F4071B /* Project object */ = {
			isa = PBXProject;
			attributes = {
				LastUpgradeCheck = 0420;
			};
			buildConfigurationList = 0D2AA93814174FA000F4071B /* Build configuration list for PBXProject "Finch" */;
			compatibilityVersion = "Xcode 3.2";
			developmentRegion = English;
			hasScannedForEncodings = 0;
			knownRegions = (
				en,
			);
			mainGroup = 0D2AA93314174FA000F4071B;
			productRefGroup = 0D2AA93F14174FA000F4071B /* Products */;
			projectDirPath = "";
			projectRoot = "";
			targets = (
				0D2AA93D14174FA000F4071B /* Finch */,
				0D1BA655141A45B6004A5A9F /* Tests */,
				0D2AA970141750F700F4071B /* Finch Demo */,
			);
		};
/* End PBXProject section */

/* Begin PBXResourcesBuildPhase section */
		0D1BA653141A45B6004A5A9F /* Resources */ = {
			isa = PBXResourcesBuildPhase;
			buildActionMask = 2147483647;
			files = (
			);
			runOnlyForDeploymentPostprocessing = 0;
		};
		0D2AA96F141750F700F4071B /* Resources */ = {
			isa = PBXResourcesBuildPhase;
			buildActionMask = 2147483647;
			files = (
				0D2AA99C1417515A00F4071B /* Controller.xib in Resources */,
				0D2AA99D1417515A00F4071B /* Default.png in Resources */,
				0D2AA99E1417515A00F4071B /* Icon.png in Resources */,
				0D2AA99F1417515A00F4071B /* Icon@2x.png in Resources */,
				0D2AA9A21417515A00F4071B /* Bootstrap.xib in Resources */,
				0D2AA9A31417515A00F4071B /* shot.wav in Resources */,
				0D2AA9A41417515A00F4071B /* sitar.wav in Resources */,
			);
			runOnlyForDeploymentPostprocessing = 0;
		};
/* End PBXResourcesBuildPhase section */

/* Begin PBXShellScriptBuildPhase section */
		0D1BA654141A45B6004A5A9F /* ShellScript */ = {
			isa = PBXShellScriptBuildPhase;
			buildActionMask = 2147483647;
			files = (
			);
			inputPaths = (
			);
			outputPaths = (
			);
			runOnlyForDeploymentPostprocessing = 0;
			shellPath = /bin/sh;
			shellScript = "# Run the unit tests in this test bundle.\n\"${SYSTEM_DEVELOPER_DIR}/Tools/RunUnitTests\"\n";
		};
/* End PBXShellScriptBuildPhase section */

/* Begin PBXSourcesBuildPhase section */
		0D1BA651141A45B6004A5A9F /* Sources */ = {
			isa = PBXSourcesBuildPhase;
			buildActionMask = 2147483647;
			files = (
				0D1BA66C141A4695004A5A9F /* FIFactoryTests.m in Sources */,
			);
			runOnlyForDeploymentPostprocessing = 0;
		};
		0D2AA93A14174FA000F4071B /* Sources */ = {
			isa = PBXSourcesBuildPhase;
			buildActionMask = 2147483647;
			files = (
				0D2AA9571417501200F4071B /* FISoundEngine.m in Sources */,
				0D2AA95B1417501200F4071B /* FIRevolverSound.m in Sources */,
				0D2AA95D1417501200F4071B /* FISound.m in Sources */,
				0D2AA96A141750AE00F4071B /* FIDecoder.m in Sources */,
				0DF32B9C141A03150059033C /* FIFactory.m in Sources */,
				0DF32BA0141A03AC0059033C /* FILogger.m in Sources */,
				0DFC9E56147FBC9800FC2066 /* FIError.m in Sources */,
				0DFC9E60147FC5FF00FC2066 /* FISample.m in Sources */,
			);
			runOnlyForDeploymentPostprocessing = 0;
		};
		0D2AA96D141750F700F4071B /* Sources */ = {
			isa = PBXSourcesBuildPhase;
			buildActionMask = 2147483647;
			files = (
				0D2AA99A1417515A00F4071B /* Application.m in Sources */,
				0D2AA99B1417515A00F4071B /* Controller.m in Sources */,
				0D2AA9A11417515A00F4071B /* main.m in Sources */,
			);
			runOnlyForDeploymentPostprocessing = 0;
		};
/* End PBXSourcesBuildPhase section */

/* Begin PBXTargetDependency section */
		0D2AA9AE1417582F00F4071B /* PBXTargetDependency */ = {
			isa = PBXTargetDependency;
			target = 0D2AA93D14174FA000F4071B /* Finch */;
			targetProxy = 0D2AA9AD1417582F00F4071B /* PBXContainerItemProxy */;
		};
/* End PBXTargetDependency section */

/* Begin XCBuildConfiguration section */
		0D1BA666141A45B6004A5A9F /* Debug */ = {
			isa = XCBuildConfiguration;
			buildSettings = {
				CLANG_ENABLE_OBJC_ARC = YES;
				FRAMEWORK_SEARCH_PATHS = (
					"$(SDKROOT)/Developer/Library/Frameworks",
					"$(DEVELOPER_LIBRARY_DIR)/Frameworks",
				);
				GCC_PRECOMPILE_PREFIX_HEADER = YES;
				GCC_PREFIX_HEADER = Tests/prefix.pch;
				IPHONEOS_DEPLOYMENT_TARGET = 4.0;
				PRODUCT_NAME = "$(TARGET_NAME)";
				TEST_AFTER_BUILD = YES;
				WRAPPER_EXTENSION = octest;
			};
			name = Debug;
		};
		0D1BA667141A45B6004A5A9F /* Release */ = {
			isa = XCBuildConfiguration;
			buildSettings = {
				CLANG_ENABLE_OBJC_ARC = YES;
				FRAMEWORK_SEARCH_PATHS = (
					"$(SDKROOT)/Developer/Library/Frameworks",
					"$(DEVELOPER_LIBRARY_DIR)/Frameworks",
				);
				GCC_PRECOMPILE_PREFIX_HEADER = YES;
				GCC_PREFIX_HEADER = Tests/prefix.pch;
				IPHONEOS_DEPLOYMENT_TARGET = 4.0;
				PRODUCT_NAME = "$(TARGET_NAME)";
				TEST_AFTER_BUILD = YES;
				WRAPPER_EXTENSION = octest;
			};
			name = Release;
		};
		0D2AA94914174FA000F4071B /* Debug */ = {
			isa = XCBuildConfiguration;
			buildSettings = {
				ALWAYS_SEARCH_USER_PATHS = NO;
				ARCHS = "$(ARCHS_STANDARD_32_BIT)";
				COPY_PHASE_STRIP = NO;
				GCC_C_LANGUAGE_STANDARD = gnu99;
				GCC_DYNAMIC_NO_PIC = NO;
				GCC_OPTIMIZATION_LEVEL = 0;
				GCC_PREPROCESSOR_DEFINITIONS = (
					"DEBUG=1",
					"$(inherited)",
				);
				GCC_SYMBOLS_PRIVATE_EXTERN = NO;
				GCC_VERSION = com.apple.compilers.llvm.clang.1_0;
				GCC_WARN_ABOUT_MISSING_PROTOTYPES = YES;
				GCC_WARN_ABOUT_RETURN_TYPE = YES;
				GCC_WARN_UNUSED_VARIABLE = YES;
				IPHONEOS_DEPLOYMENT_TARGET = 5.0;
				SDKROOT = iphoneos;
			};
			name = Debug;
		};
		0D2AA94A14174FA000F4071B /* Release */ = {
			isa = XCBuildConfiguration;
			buildSettings = {
				ALWAYS_SEARCH_USER_PATHS = NO;
				ARCHS = "$(ARCHS_STANDARD_32_BIT)";
				COPY_PHASE_STRIP = YES;
				GCC_C_LANGUAGE_STANDARD = gnu99;
				GCC_VERSION = com.apple.compilers.llvm.clang.1_0;
				GCC_WARN_ABOUT_MISSING_PROTOTYPES = YES;
				GCC_WARN_ABOUT_RETURN_TYPE = YES;
				GCC_WARN_UNUSED_VARIABLE = YES;
				IPHONEOS_DEPLOYMENT_TARGET = 5.0;
				SDKROOT = iphoneos;
				VALIDATE_PRODUCT = YES;
			};
			name = Release;
		};
		0D2AA94C14174FA000F4071B /* Debug */ = {
			isa = XCBuildConfiguration;
			buildSettings = {
				CLANG_ENABLE_OBJC_ARC = YES;
				DSTROOT = /tmp/Finch.dst;
				GCC_PRECOMPILE_PREFIX_HEADER = YES;
				GCC_PREFIX_HEADER = Finch/prefix.pch;
				GCC_TREAT_WARNINGS_AS_ERRORS = YES;
				IPHONEOS_DEPLOYMENT_TARGET = 4.0;
				OTHER_LDFLAGS = "-ObjC";
				PRODUCT_NAME = "$(TARGET_NAME)";
				SKIP_INSTALL = YES;
			};
			name = Debug;
		};
		0D2AA94D14174FA000F4071B /* Release */ = {
			isa = XCBuildConfiguration;
			buildSettings = {
				CLANG_ENABLE_OBJC_ARC = YES;
				DSTROOT = /tmp/Finch.dst;
				GCC_PRECOMPILE_PREFIX_HEADER = YES;
				GCC_PREFIX_HEADER = Finch/prefix.pch;
				GCC_TREAT_WARNINGS_AS_ERRORS = YES;
				IPHONEOS_DEPLOYMENT_TARGET = 4.0;
				OTHER_LDFLAGS = "-ObjC";
				PRODUCT_NAME = "$(TARGET_NAME)";
				SKIP_INSTALL = YES;
			};
			name = Release;
		};
		0D2AA98B141750F800F4071B /* Debug */ = {
			isa = XCBuildConfiguration;
			buildSettings = {
				CLANG_ENABLE_OBJC_ARC = YES;
				"CODE_SIGN_IDENTITY[sdk=iphoneos*]" = "iPhone Developer";
				GCC_PRECOMPILE_PREFIX_HEADER = YES;
				GCC_PREFIX_HEADER = Demo/prefix.pch;
				GCC_TREAT_WARNINGS_AS_ERRORS = YES;
				INFOPLIST_FILE = Demo/Info.plist;
				IPHONEOS_DEPLOYMENT_TARGET = 4.0;
				PRODUCT_NAME = "$(TARGET_NAME)";
				WRAPPER_EXTENSION = app;
			};
			name = Debug;
		};
		0D2AA98C141750F800F4071B /* Release */ = {
			isa = XCBuildConfiguration;
			buildSettings = {
				CLANG_ENABLE_OBJC_ARC = YES;
				"CODE_SIGN_IDENTITY[sdk=iphoneos*]" = "iPhone Developer";
				GCC_PRECOMPILE_PREFIX_HEADER = YES;
				GCC_PREFIX_HEADER = Demo/prefix.pch;
				GCC_TREAT_WARNINGS_AS_ERRORS = YES;
				INFOPLIST_FILE = Demo/Info.plist;
				IPHONEOS_DEPLOYMENT_TARGET = 4.0;
				OTHER_CFLAGS = "-DNS_BLOCK_ASSERTIONS=1";
				PRODUCT_NAME = "$(TARGET_NAME)";
				WRAPPER_EXTENSION = app;
			};
			name = Release;
		};
/* End XCBuildConfiguration section */

/* Begin XCConfigurationList section */
		0D1BA665141A45B6004A5A9F /* Build configuration list for PBXNativeTarget "Tests" */ = {
			isa = XCConfigurationList;
			buildConfigurations = (
				0D1BA666141A45B6004A5A9F /* Debug */,
				0D1BA667141A45B6004A5A9F /* Release */,
			);
			defaultConfigurationIsVisible = 0;
			defaultConfigurationName = Release;
		};
		0D2AA93814174FA000F4071B /* Build configuration list for PBXProject "Finch" */ = {
			isa = XCConfigurationList;
			buildConfigurations = (
				0D2AA94914174FA000F4071B /* Debug */,
				0D2AA94A14174FA000F4071B /* Release */,
			);
			defaultConfigurationIsVisible = 0;
			defaultConfigurationName = Release;
		};
		0D2AA94B14174FA000F4071B /* Build configuration list for PBXNativeTarget "Finch" */ = {
			isa = XCConfigurationList;
			buildConfigurations = (
				0D2AA94C14174FA000F4071B /* Debug */,
				0D2AA94D14174FA000F4071B /* Release */,
			);
			defaultConfigurationIsVisible = 0;
			defaultConfigurationName = Release;
		};
		0D2AA98A141750F800F4071B /* Build configuration list for PBXNativeTarget "Finch Demo" */ = {
			isa = XCConfigurationList;
			buildConfigurations = (
				0D2AA98B141750F800F4071B /* Debug */,
				0D2AA98C141750F800F4071B /* Release */,
			);
			defaultConfigurationIsVisible = 0;
			defaultConfigurationName = Release;
		};
/* End XCConfigurationList section */
	};
	rootObject = 0D2AA93514174FA000F4071B /* Project object */;
}
